
Microsoft Visual Studio Solution File, Format Version 12.00
Project("{FAE04EC0-301F-11D3-BF4B-00C04F79EFBC}") = "WebApplication", "WebApplication\WebApplication.csproj", "{E30B2897-8520-4585-AB53-C1489BCE7594}"
EndProject
Global
	GlobalSection(SolutionConfigurationPlatforms) = preSolution
		Debug|Any CPU = Debug|Any CPU
		Release|Any CPU = Release|Any CPU
	EndGlobalSection
	GlobalSection(ProjectConfigurationPlatforms) = postSolution
		{E30B2897-8520-4585-AB53-C1489BCE7594}.Debug|Any CPU.ActiveCfg = Debug|Any CPU
		{E30B2897-8520-4585-AB53-C1489BCE7594}.Debug|Any CPU.Build.0 = Debug|Any CPU
		{E30B2897-8520-4585-AB53-C1489BCE7594}.Release|Any CPU.ActiveCfg = Release|Any CPU
		{E30B2897-8520-4585-AB53-C1489BCE7594}.Release|Any CPU.Build.0 = Release|Any CPU
	EndGlobalSection
EndGlobal
